
Microsoft Visual Studio Solution File, Format Version 12.00
# Visual Studio 15
VisualStudioVersion = 15.0.28307.168
MinimumVisualStudioVersion = 10.0.40219.1
Project("{FAE04EC0-301F-11D3-BF4B-00C04F79EFBC}") = "MVC_DonationWebsite", "MVC_DonationWebsite\MVC_DonationWebsite.csproj", "{328B77D0-1DE2-4193-AC5A-B5EF7373B556}"
EndProject
Global
	GlobalSection(SolutionConfigurationPlatforms) = preSolution
		Debug|Any CPU = Debug|Any CPU
		Release|Any CPU = Release|Any CPU
	EndGlobalSection
	GlobalSection(ProjectConfigurationPlatforms) = postSolution
		{328B77D0-1DE2-4193-AC5A-B5EF7373B556}.Debug|Any CPU.ActiveCfg = Debug|Any CPU
		{328B77D0-1DE2-4193-AC5A-B5EF7373B556}.Debug|Any CPU.Build.0 = Debug|Any CPU
		{328B77D0-1DE2-4193-AC5A-B5EF7373B556}.Release|Any CPU.ActiveCfg = Release|Any CPU
		{328B77D0-1DE2-4193-AC5A-B5EF7373B556}.Release|Any CPU.Build.0 = Release|Any CPU
	EndGlobalSection
	GlobalSection(SolutionProperties) = preSolution
		HideSolutionNode = FALSE
	EndGlobalSection
	GlobalSection(ExtensibilityGlobals) = postSolution
		SolutionGuid = {1A4D8E4D-E718-4234-96EF-958081082547}
	EndGlobalSection
EndGlobal
